
Microsoft Visual Studio Solution File, Format Version 12.00
# Visual Studio 15
VisualStudioVersion = 15.0.28010.2036
MinimumVisualStudioVersion = 10.0.40219.1
Project("{FAE04EC0-301F-11D3-BF4B-00C04F79EFBC}") = "LibraryTerminal", "LibraryTerminal\LibraryTerminal.csproj", "{737E29E7-4E82-4EC2-A008-4EE22A748FAE}"
EndProject
Global
	GlobalSection(SolutionConfigurationPlatforms) = preSolution
		Debug|Any CPU = Debug|Any CPU
		Release|Any CPU = Release|Any CPU
	EndGlobalSection
	GlobalSection(ProjectConfigurationPlatforms) = postSolution
		{737E29E7-4E82-4EC2-A008-4EE22A748FAE}.Debug|Any CPU.ActiveCfg = Debug|Any CPU
		{737E29E7-4E82-4EC2-A008-4EE22A748FAE}.Debug|Any CPU.Build.0 = Debug|Any CPU
		{737E29E7-4E82-4EC2-A008-4EE22A748FAE}.Release|Any CPU.ActiveCfg = Release|Any CPU
		{737E29E7-4E82-4EC2-A008-4EE22A748FAE}.Release|Any CPU.Build.0 = Release|Any CPU
	EndGlobalSection
	GlobalSection(SolutionProperties) = preSolution
		HideSolutionNode = FALSE
	EndGlobalSection
	GlobalSection(ExtensibilityGlobals) = postSolution
		SolutionGuid = {5AB5C0D2-1349-4751-BD29-47ABDE320C20}
	EndGlobalSection
EndGlobal
